// !$*UTF8*$!
{
	archiveVersion = 1;
	classes = {
	};
	objectVersion = 51;
	objects = {

/* Begin PBXBuildFile section */
		72C8DC0224A3D7360015B648 /* AppDelegate.swift in Sources */ = {isa = PBXBuildFile; fileRef = 72C8DC0124A3D7360015B648 /* AppDelegate.swift */; };
		72C8DC0424A3D7360015B648 /* SceneDelegate.swift in Sources */ = {isa = PBXBuildFile; fileRef = 72C8DC0324A3D7360015B648 /* SceneDelegate.swift */; };
		72C8DC0624A3D7360015B648 /* ViewController.swift in Sources */ = {isa = PBXBuildFile; fileRef = 72C8DC0524A3D7360015B648 /* ViewController.swift */; };
		72C8DC0924A3D7360015B648 /* Main.storyboard in Resources */ = {isa = PBXBuildFile; fileRef = 72C8DC0724A3D7360015B648 /* Main.storyboard */; };
		72C8DC0B24A3D7370015B648 /* Assets.xcassets in Resources */ = {isa = PBXBuildFile; fileRef = 72C8DC0A24A3D7370015B648 /* Assets.xcassets */; };
		72C8DC0E24A3D7370015B648 /* LaunchScreen.storyboard in Resources */ = {isa = PBXBuildFile; fileRef = 72C8DC0C24A3D7370015B648 /* LaunchScreen.storyboard */; };
		72C8DC1824A4A0090015B648 /* DataLoader.swift in Sources */ = {isa = PBXBuildFile; fileRef = 72C8DC1724A4A0090015B648 /* DataLoader.swift */; };
		72C8DC1A24A4A5910015B648 /* DisplayDetails.swift in Sources */ = {isa = PBXBuildFile; fileRef = 72C8DC1924A4A5910015B648 /* DisplayDetails.swift */; };
		72C8DC1C24A4A5F30015B648 /* Content.swift in Sources */ = {isa = PBXBuildFile; fileRef = 72C8DC1B24A4A5F30015B648 /* Content.swift */; };
		A5C891F04337B217346862EF /* Pods_POC.framework in Frameworks */ = {isa = PBXBuildFile; fileRef = 624257FB681C97C1C9CD31B9 /* Pods_POC.framework */; };
/* End PBXBuildFile section */

/* Begin PBXFileReference section */
		624257FB681C97C1C9CD31B9 /* Pods_POC.framework */ = {isa = PBXFileReference; explicitFileType = wrapper.framework; includeInIndex = 0; path = Pods_POC.framework; sourceTree = BUILT_PRODUCTS_DIR; };
		72C8DBFE24A3D7360015B648 /* POC.app */ = {isa = PBXFileReference; explicitFileType = wrapper.application; includeInIndex = 0; path = POC.app; sourceTree = BUILT_PRODUCTS_DIR; };
		72C8DC0124A3D7360015B648 /* AppDelegate.swift */ = {isa = PBXFileReference; lastKnownFileType = sourcecode.swift; path = AppDelegate.swift; sourceTree = "<group>"; };
		72C8DC0324A3D7360015B648 /* SceneDelegate.swift */ = {isa = PBXFileReference; lastKnownFileType = sourcecode.swift; path = SceneDelegate.swift; sourceTree = "<group>"; };
		72C8DC0524A3D7360015B648 /* ViewController.swift */ = {isa = PBXFileReference; lastKnownFileType = sourcecode.swift; path = ViewController.swift; sourceTree = "<group>"; };
		72C8DC0824A3D7360015B648 /* Base */ = {isa = PBXFileReference; lastKnownFileType = file.storyboard; name = Base; path = Base.lproj/Main.storyboard; sourceTree = "<group>"; };
		72C8DC0A24A3D7370015B648 /* Assets.xcassets */ = {isa = PBXFileReference; lastKnownFileType = folder.assetcatalog; path = Assets.xcassets; sourceTree = "<group>"; };
		72C8DC0D24A3D7370015B648 /* Base */ = {isa = PBXFileReference; lastKnownFileType = file.storyboard; name = Base; path = Base.lproj/LaunchScreen.storyboard; sourceTree = "<group>"; };
		72C8DC0F24A3D7370015B648 /* Info.plist */ = {isa = PBXFileReference; lastKnownFileType = text.plist.xml; path = Info.plist; sourceTree = "<group>"; };
		72C8DC1724A4A0090015B648 /* DataLoader.swift */ = {isa = PBXFileReference; lastKnownFileType = sourcecode.swift; path = DataLoader.swift; sourceTree = "<group>"; };
		72C8DC1924A4A5910015B648 /* DisplayDetails.swift */ = {isa = PBXFileReference; lastKnownFileType = sourcecode.swift; path = DisplayDetails.swift; sourceTree = "<group>"; };
		72C8DC1B24A4A5F30015B648 /* Content.swift */ = {isa = PBXFileReference; lastKnownFileType = sourcecode.swift; name = Content.swift; path = POC/Model/Content.swift; sourceTree = SOURCE_ROOT; };
		B56FEDA0B0457B9534EF8289 /* Pods-POC.release.xcconfig */ = {isa = PBXFileReference; includeInIndex = 1; lastKnownFileType = text.xcconfig; name = "Pods-POC.release.xcconfig"; path = "Target Support Files/Pods-POC/Pods-POC.release.xcconfig"; sourceTree = "<group>"; };
		FF81EB27E9DF39FC99A52B3C /* Pods-POC.debug.xcconfig */ = {isa = PBXFileReference; includeInIndex = 1; lastKnownFileType = text.xcconfig; name = "Pods-POC.debug.xcconfig"; path = "Target Support Files/Pods-POC/Pods-POC.debug.xcconfig"; sourceTree = "<group>"; };
/* End PBXFileReference section */

/* Begin PBXFrameworksBuildPhase section */
		72C8DBFB24A3D7360015B648 /* Frameworks */ = {
			isa = PBXFrameworksBuildPhase;
			buildActionMask = 2147483647;
			files = (
				A5C891F04337B217346862EF /* Pods_POC.framework in Frameworks */,
			);
			runOnlyForDeploymentPostprocessing = 0;
		};
/* End PBXFrameworksBuildPhase section */

/* Begin PBXGroup section */
		6ACBF4ECA138C2467D480220 /* Frameworks */ = {
			isa = PBXGroup;
			children = (
				624257FB681C97C1C9CD31B9 /* Pods_POC.framework */,
			);
			name = Frameworks;
			sourceTree = "<group>";
		};
		72C8DBF524A3D7360015B648 = {
			isa = PBXGroup;
			children = (
				72C8DC0024A3D7360015B648 /* POC */,
				72C8DBFF24A3D7360015B648 /* Products */,
				886BF615AD104828F4F6BB0A /* Pods */,
				6ACBF4ECA138C2467D480220 /* Frameworks */,
			);
			sourceTree = "<group>";
		};
		72C8DBFF24A3D7360015B648 /* Products */ = {
			isa = PBXGroup;
			children = (
				72C8DBFE24A3D7360015B648 /* POC.app */,
			);
			name = Products;
			sourceTree = "<group>";
		};
		72C8DC0024A3D7360015B648 /* POC */ = {
			isa = PBXGroup;
			children = (
				72C8DC1624A3DA6A0015B648 /* Controller */,
				72C8DC1524A3DA400015B648 /* Model */,
				72C8DC0124A3D7360015B648 /* AppDelegate.swift */,
				72C8DC0324A3D7360015B648 /* SceneDelegate.swift */,
				72C8DC0724A3D7360015B648 /* Main.storyboard */,
				72C8DC0A24A3D7370015B648 /* Assets.xcassets */,
				72C8DC0C24A3D7370015B648 /* LaunchScreen.storyboard */,
				72C8DC0F24A3D7370015B648 /* Info.plist */,
				72C8DC1724A4A0090015B648 /* DataLoader.swift */,
			);
			path = POC;
			sourceTree = "<group>";
		};
		72C8DC1524A3DA400015B648 /* Model */ = {
			isa = PBXGroup;
			children = (
				72C8DC1B24A4A5F30015B648 /* Content.swift */,
				72C8DC1924A4A5910015B648 /* DisplayDetails.swift */,
			);
			path = Model;
			sourceTree = "<group>";
		};
		72C8DC1624A3DA6A0015B648 /* Controller */ = {
			isa = PBXGroup;
			children = (
				72C8DC0524A3D7360015B648 /* ViewController.swift */,
			);
			path = Controller;
			sourceTree = "<group>";
		};
		886BF615AD104828F4F6BB0A /* Pods */ = {
			isa = PBXGroup;
			children = (
				FF81EB27E9DF39FC99A52B3C /* Pods-POC.debug.xcconfig */,
				B56FEDA0B0457B9534EF8289 /* Pods-POC.release.xcconfig */,
			);
			path = Pods;
			sourceTree = "<group>";
		};
/* End PBXGroup section */

/* Begin PBXNativeTarget section */
		72C8DBFD24A3D7360015B648 /* POC */ = {
			isa = PBXNativeTarget;
			buildConfigurationList = 72C8DC1224A3D7370015B648 /* Build configuration list for PBXNativeTarget "POC" */;
			buildPhases = (
				7FB70CA8A3C4CA99732326B7 /* [CP] Check Pods Manifest.lock */,
				72C8DBFA24A3D7360015B648 /* Sources */,
				72C8DBFB24A3D7360015B648 /* Frameworks */,
				72C8DBFC24A3D7360015B648 /* Resources */,
				90186DC43549C386B38AC03A /* [CP] Embed Pods Frameworks */,
			);
			buildRules = (
			);
			dependencies = (
			);
			name = POC;
			productName = POC;
			productReference = 72C8DBFE24A3D7360015B648 /* POC.app */;
			productType = "com.apple.product-type.application";
		};
/* End PBXNativeTarget section */

/* Begin PBXProject section */
		72C8DBF624A3D7360015B648 /* Project object */ = {
			isa = PBXProject;
			attributes = {
				LastSwiftUpdateCheck = 1150;
				LastUpgradeCheck = 1150;
				ORGANIZATIONNAME = ChaithraPH;
				TargetAttributes = {
					72C8DBFD24A3D7360015B648 = {
						CreatedOnToolsVersion = 11.5;
					};
				};
			};
			buildConfigurationList = 72C8DBF924A3D7360015B648 /* Build configuration list for PBXProject "POC" */;
			compatibilityVersion = "Xcode 9.3";
			developmentRegion = en;
			hasScannedForEncodings = 0;
			knownRegions = (
				en,
				Base,
			);
			mainGroup = 72C8DBF524A3D7360015B648;
			productRefGroup = 72C8DBFF24A3D7360015B648 /* Products */;
			projectDirPath = "";
			projectRoot = "";
			targets = (
				72C8DBFD24A3D7360015B648 /* POC */,
			);
		};
/* End PBXProject section */

/* Begin PBXResourcesBuildPhase section */
		72C8DBFC24A3D7360015B648 /* Resources */ = {
			isa = PBXResourcesBuildPhase;
			buildActionMask = 2147483647;
			files = (
				72C8DC0E24A3D7370015B648 /* LaunchScreen.storyboard in Resources */,
				72C8DC0B24A3D7370015B648 /* Assets.xcassets in Resources */,
				72C8DC0924A3D7360015B648 /* Main.storyboard in Resources */,
			);
			runOnlyForDeploymentPostprocessing = 0;
		};
/* End PBXResourcesBuildPhase section */

/* Begin PBXShellScriptBuildPhase section */
		7FB70CA8A3C4CA99732326B7 /* [CP] Check Pods Manifest.lock */ = {
			isa = PBXShellScriptBuildPhase;
			buildActionMask = 2147483647;
			files = (
			);
			inputFileListPaths = (
			);
			inputPaths = (
				"${PODS_PODFILE_DIR_PATH}/Podfile.lock",
				"${PODS_ROOT}/Manifest.lock",
			);
			name = "[CP] Check Pods Manifest.lock";
			outputFileListPaths = (
			);
			outputPaths = (
				"$(DERIVED_FILE_DIR)/Pods-POC-checkManifestLockResult.txt",
			);
			runOnlyForDeploymentPostprocessing = 0;
			shellPath = /bin/sh;
			shellScript = "diff \"${PODS_PODFILE_DIR_PATH}/Podfile.lock\" \"${PODS_ROOT}/Manifest.lock\" > /dev/null\nif [ $? != 0 ] ; then\n    # print error to STDERR\n    echo \"error: The sandbox is not in sync with the Podfile.lock. Run 'pod install' or update your CocoaPods installation.\" >&2\n    exit 1\nfi\n# This output is used by Xcode 'outputs' to avoid re-running this script phase.\necho \"SUCCESS\" > \"${SCRIPT_OUTPUT_FILE_0}\"\n";
			showEnvVarsInLog = 0;
		};
		90186DC43549C386B38AC03A /* [CP] Embed Pods Frameworks */ = {
			isa = PBXShellScriptBuildPhase;
			buildActionMask = 2147483647;
			files = (
			);
			inputFileListPaths = (
				"${PODS_ROOT}/Target Support Files/Pods-POC/Pods-POC-frameworks-${CONFIGURATION}-input-files.xcfilelist",
			);
			name = "[CP] Embed Pods Frameworks";
			outputFileListPaths = (
				"${PODS_ROOT}/Target Support Files/Pods-POC/Pods-POC-frameworks-${CONFIGURATION}-output-files.xcfilelist",
			);
			runOnlyForDeploymentPostprocessing = 0;
			shellPath = /bin/sh;
			shellScript = "\"${PODS_ROOT}/Target Support Files/Pods-POC/Pods-POC-frameworks.sh\"\n";
			showEnvVarsInLog = 0;
		};
/* End PBXShellScriptBuildPhase section */

/* Begin PBXSourcesBuildPhase section */
		72C8DBFA24A3D7360015B648 /* Sources */ = {
			isa = PBXSourcesBuildPhase;
			buildActionMask = 2147483647;
			files = (
				72C8DC1824A4A0090015B648 /* DataLoader.swift in Sources */,
				72C8DC0624A3D7360015B648 /* ViewController.swift in Sources */,
				72C8DC0224A3D7360015B648 /* AppDelegate.swift in Sources */,
				72C8DC1A24A4A5910015B648 /* DisplayDetails.swift in Sources */,
				72C8DC0424A3D7360015B648 /* SceneDelegate.swift in Sources */,
				72C8DC1C24A4A5F30015B648 /* Content.swift in Sources */,
			);
			runOnlyForDeploymentPostprocessing = 0;
		};
/* End PBXSourcesBuildPhase section */

/* Begin PBXVariantGroup section */
		72C8DC0724A3D7360015B648 /* Main.storyboard */ = {
			isa = PBXVariantGroup;
			children = (
				72C8DC0824A3D7360015B648 /* Base */,
			);
			name = Main.storyboard;
			sourceTree = "<group>";
		};
		72C8DC0C24A3D7370015B648 /* LaunchScreen.storyboard */ = {
			isa = PBXVariantGroup;
			children = (
				72C8DC0D24A3D7370015B648 /* Base */,
			);
			name = LaunchScreen.storyboard;
			sourceTree = "<group>";
		};
/* End PBXVariantGroup section */

/* Begin XCBuildConfiguration section */
		72C8DC1024A3D7370015B648 /* Debug */ = {
			isa = XCBuildConfiguration;
			buildSettings = {
				ALWAYS_SEARCH_USER_PATHS = NO;
				CLANG_ANALYZER_NONNULL = YES;
				CLANG_ANALYZER_NUMBER_OBJECT_CONVERSION = YES_AGGRESSIVE;
				CLANG_CXX_LANGUAGE_STANDARD = "gnu++14";
				CLANG_CXX_LIBRARY = "libc++";
				CLANG_ENABLE_MODULES = YES;
				CLANG_ENABLE_OBJC_ARC = YES;
				CLANG_ENABLE_OBJC_WEAK = YES;
				CLANG_WARN_BLOCK_CAPTURE_AUTORELEASING = YES;
				CLANG_WARN_BOOL_CONVERSION = YES;
				CLANG_WARN_COMMA = YES;
				CLANG_WARN_CONSTANT_CONVERSION = YES;
				CLANG_WARN_DEPRECATED_OBJC_IMPLEMENTATIONS = YES;
				CLANG_WARN_DIRECT_OBJC_ISA_USAGE = YES_ERROR;
				CLANG_WARN_DOCUMENTATION_COMMENTS = YES;
				CLANG_WARN_EMPTY_BODY = YES;
				CLANG_WARN_ENUM_CONVERSION = YES;
				CLANG_WARN_INFINITE_RECURSION = YES;
				CLANG_WARN_INT_CONVERSION = YES;
				CLANG_WARN_NON_LITERAL_NULL_CONVERSION = YES;
				CLANG_WARN_OBJC_IMPLICIT_RETAIN_SELF = YES;
				CLANG_WARN_OBJC_LITERAL_CONVERSION = YES;
				CLANG_WARN_OBJC_ROOT_CLASS = YES_ERROR;
				CLANG_WARN_RANGE_LOOP_ANALYSIS = YES;
				CLANG_WARN_STRICT_PROTOTYPES = YES;
				CLANG_WARN_SUSPICIOUS_MOVE = YES;
				CLANG_WARN_UNGUARDED_AVAILABILITY = YES_AGGRESSIVE;
				CLANG_WARN_UNREACHABLE_CODE = YES;
				CLANG_WARN__DUPLICATE_METHOD_MATCH = YES;
				COPY_PHASE_STRIP = NO;
				DEBUG_INFORMATION_FORMAT = dwarf;
				ENABLE_STRICT_OBJC_MSGSEND = YES;
				ENABLE_TESTABILITY = YES;
				GCC_C_LANGUAGE_STANDARD = gnu11;
				GCC_DYNAMIC_NO_PIC = NO;
				GCC_NO_COMMON_BLOCKS = YES;
				GCC_OPTIMIZATION_LEVEL = 0;
				GCC_PREPROCESSOR_DEFINITIONS = (
					"DEBUG=1",
					"$(inherited)",
				);
				GCC_WARN_64_TO_32_BIT_CONVERSION = YES;
				GCC_WARN_ABOUT_RETURN_TYPE = YES_ERROR;
				GCC_WARN_UNDECLARED_SELECTOR = YES;
				GCC_WARN_UNINITIALIZED_AUTOS = YES_AGGRESSIVE;
				GCC_WARN_UNUSED_FUNCTION = YES;
				GCC_WARN_UNUSED_VARIABLE = YES;
				IPHONEOS_DEPLOYMENT_TARGET = 13.5;
				MTL_ENABLE_DEBUG_INFO = INCLUDE_SOURCE;
				MTL_FAST_MATH = YES;
				ONLY_ACTIVE_ARCH = YES;
				SDKROOT = iphoneos;
				SWIFT_ACTIVE_COMPILATION_CONDITIONS = DEBUG;
				SWIFT_OPTIMIZATION_LEVEL = "-Onone";
			};
			name = Debug;
		};
		72C8DC1124A3D7370015B648 /* Release */ = {
			isa = XCBuildConfiguration;
			buildSettings = {
				ALWAYS_SEARCH_USER_PATHS = NO;
				CLANG_ANALYZER_NONNULL = YES;
				CLANG_ANALYZER_NUMBER_OBJECT_CONVERSION = YES_AGGRESSIVE;
				CLANG_CXX_LANGUAGE_STANDARD = "gnu++14";
				CLANG_CXX_LIBRARY = "libc++";
				CLANG_ENABLE_MODULES = YES;
				CLANG_ENABLE_OBJC_ARC = YES;
				CLANG_ENABLE_OBJC_WEAK = YES;
				CLANG_WARN_BLOCK_CAPTURE_AUTORELEASING = YES;
				CLANG_WARN_BOOL_CONVERSION = YES;
				CLANG_WARN_COMMA = YES;
				CLANG_WARN_CONSTANT_CONVERSION = YES;
				CLANG_WARN_DEPRECATED_OBJC_IMPLEMENTATIONS = YES;
				CLANG_WARN_DIRECT_OBJC_ISA_USAGE = YES_ERROR;
				CLANG_WARN_DOCUMENTATION_COMMENTS = YES;
				CLANG_WARN_EMPTY_BODY = YES;
				CLANG_WARN_ENUM_CONVERSION = YES;
				CLANG_WARN_INFINITE_RECURSION = YES;
				CLANG_WARN_INT_CONVERSION = YES;
				CLANG_WARN_NON_LITERAL_NULL_CONVERSION = YES;
				CLANG_WARN_OBJC_IMPLICIT_RETAIN_SELF = YES;
				CLANG_WARN_OBJC_LITERAL_CONVERSION = YES;
				CLANG_WARN_OBJC_ROOT_CLASS = YES_ERROR;
				CLANG_WARN_RANGE_LOOP_ANALYSIS = YES;
				CLANG_WARN_STRICT_PROTOTYPES = YES;
				CLANG_WARN_SUSPICIOUS_MOVE = YES;
				CLANG_WARN_UNGUARDED_AVAILABILITY = YES_AGGRESSIVE;
				CLANG_WARN_UNREACHABLE_CODE = YES;
				CLANG_WARN__DUPLICATE_METHOD_MATCH = YES;
				COPY_PHASE_STRIP = NO;
				DEBUG_INFORMATION_FORMAT = "dwarf-with-dsym";
				ENABLE_NS_ASSERTIONS = NO;
				ENABLE_STRICT_OBJC_MSGSEND = YES;
				GCC_C_LANGUAGE_STANDARD = gnu11;
				GCC_NO_COMMON_BLOCKS = YES;
				GCC_WARN_64_TO_32_BIT_CONVERSION = YES;
				GCC_WARN_ABOUT_RETURN_TYPE = YES_ERROR;
				GCC_WARN_UNDECLARED_SELECTOR = YES;
				GCC_WARN_UNINITIALIZED_AUTOS = YES_AGGRESSIVE;
				GCC_WARN_UNUSED_FUNCTION = YES;
				GCC_WARN_UNUSED_VARIABLE = YES;
				IPHONEOS_DEPLOYMENT_TARGET = 13.5;
				MTL_ENABLE_DEBUG_INFO = NO;
				MTL_FAST_MATH = YES;
				SDKROOT = iphoneos;
				SWIFT_COMPILATION_MODE = wholemodule;
				SWIFT_OPTIMIZATION_LEVEL = "-O";
				VALIDATE_PRODUCT = YES;
			};
			name = Release;
		};
		72C8DC1324A3D7370015B648 /* Debug */ = {
			isa = XCBuildConfiguration;
			baseConfigurationReference = FF81EB27E9DF39FC99A52B3C /* Pods-POC.debug.xcconfig */;
			buildSettings = {
				ASSETCATALOG_COMPILER_APPICON_NAME = AppIcon;
				CODE_SIGN_STYLE = Automatic;
				INFOPLIST_FILE = POC/Info.plist;
				LD_RUNPATH_SEARCH_PATHS = (
					"$(inherited)",
					"@executable_path/Frameworks",
				);
				PRODUCT_BUNDLE_IDENTIFIER = com.example.POC;
				PRODUCT_NAME = "$(TARGET_NAME)";
				SWIFT_VERSION = 5.0;
				TARGETED_DEVICE_FAMILY = "1,2";
			};
			name = Debug;
		};
		72C8DC1424A3D7370015B648 /* Release */ = {
			isa = XCBuildConfiguration;
			baseConfigurationReference = B56FEDA0B0457B9534EF8289 /* Pods-POC.release.xcconfig */;
			buildSettings = {
				ASSETCATALOG_COMPILER_APPICON_NAME = AppIcon;
				CODE_SIGN_STYLE = Automatic;
				INFOPLIST_FILE = POC/Info.plist;
				LD_RUNPATH_SEARCH_PATHS = (
					"$(inherited)",
					"@executable_path/Frameworks",
				);
				PRODUCT_BUNDLE_IDENTIFIER = com.example.POC;
				PRODUCT_NAME = "$(TARGET_NAME)";
				SWIFT_VERSION = 5.0;
				TARGETED_DEVICE_FAMILY = "1,2";
			};
			name = Release;
		};
/* End XCBuildConfiguration section */

/* Begin XCConfigurationList section */
		72C8DBF924A3D7360015B648 /* Build configuration list for PBXProject "POC" */ = {
			isa = XCConfigurationList;
			buildConfigurations = (
				72C8DC1024A3D7370015B648 /* Debug */,
				72C8DC1124A3D7370015B648 /* Release */,
			);
			defaultConfigurationIsVisible = 0;
			defaultConfigurationName = Release;
		};
		72C8DC1224A3D7370015B648 /* Build configuration list for PBXNativeTarget "POC" */ = {
			isa = XCConfigurationList;
			buildConfigurations = (
				72C8DC1324A3D7370015B648 /* Debug */,
				72C8DC1424A3D7370015B648 /* Release */,
			);
			defaultConfigurationIsVisible = 0;
			defaultConfigurationName = Release;
		};
/* End XCConfigurationList section */
	};
	rootObject = 72C8DBF624A3D7360015B648 /* Project object */;
}
